<?xml version="1.0" encoding="utf-8"?>
<Project ToolsVersion="4.0" xmlns:atg="http://atg.xbox.com" xmlns="http://schemas.microsoft.com/developer/msbuild/2003">
  <ItemGroup>
    <Filter Include="Assets">
      <UniqueIdentifier>{ed0b04a6-fecd-4a2c-a462-59a8f4639f36}</UniqueIdentifier>
    </Filter>
    <Filter Include="Resource Files">
      <UniqueIdentifier>{8e114980-c1a3-4ada-ad7c-83caadf5daeb}</UniqueIdentifier>
      <Extensions>rc;ico;cur;bmp;dlg;rc2;rct;bin;rgs;gif;jpg;jpeg;jpe</Extensions>
    </Filter>
    <Filter Include="Assets\modelData">
      <UniqueIdentifier>{06086914-6aa4-4cad-9b07-6f9d357f04df}</UniqueIdentifier>
    </Filter>
    <Filter Include="Assets\sprite">
      <UniqueIdentifier>{a6ce300a-b532-440d-b914-b4661d3015ad}</UniqueIdentifier>
    </Filter>
    <Filter Include="Assets\sound">
      <UniqueIdentifier>{1fc1be67-656c-44dc-9329-a730707d6ea6}</UniqueIdentifier>
    </Filter>
  </ItemGroup>
  <ItemGroup>
    <ClCompile Include="main.cpp" />
    <ClCompile Include="stdafx.cpp" />
    <ClCompile Include="Game.cpp" />
    <ClCompile Include="Player.cpp" />
    <ClCompile Include="Camera.cpp" />
    <ClCompile Include="Title.cpp" />
    <ClCompile Include="Enemy.cpp" />
    <ClCompile Include="Bullet.cpp" />
    <ClCompile Include="Boss.cpp" />
    <ClCompile Include="Item.cpp" />
    <ClCompile Include="PowerItem.cpp" />
    <ClCompile Include="Result.cpp" />
    <ClCompile Include="Enemy2.cpp" />
    <ClCompile Include="Help.cpp" />
    <ClCompile Include="Enemy3.cpp" />
  </ItemGroup>
  <ItemGroup>
    <CLInclude Include="resource.h">
      <Filter>Resource Files</Filter>
    </CLInclude>
    <ClInclude Include="stdafx.h" />
    <ClInclude Include="Game.h" />
    <ClInclude Include="Player.h" />
    <ClInclude Include="Camera.h" />
    <ClInclude Include="Title.h" />
    <ClInclude Include="Enemy.h" />
    <ClInclude Include="Bullet.h" />
    <ClInclude Include="Boss.h" />
    <ClInclude Include="Item.h" />
    <ClInclude Include="PowerItem.h" />
    <ClInclude Include="Result.h" />
    <ClInclude Include="Enemy2.h" />
    <ClInclude Include="Help.h" />
    <ClInclude Include="Enemy3.h" />
  </ItemGroup>
  <ItemGroup>
    <ResourceCompile Include="Game.rc">
      <Filter>Resource Files</Filter>
    </ResourceCompile>
  </ItemGroup>
  <ItemGroup>
    <MeshContentTask Include="Assets\modelData\unityChan.fbx">
      <Filter>Assets\modelData</Filter>
    </MeshContentTask>
    <MeshContentTask Include="Assets\modelData\kitai.fbx">
      <Filter>Assets\modelData</Filter>
    </MeshContentTask>
    <MeshContentTask Include="Assets\modelData\Bullet.fbx">
      <Filter>Assets\modelData</Filter>
    </MeshContentTask>
    <MeshContentTask Include="Assets\modelData\BOSS.fbx">
      <Filter>Assets\modelData</Filter>
    </MeshContentTask>
    <MeshContentTask Include="Assets\modelData\Tama.fbx">
      <Filter>Assets\modelData</Filter>
    </MeshContentTask>
    <MeshContentTask Include="Assets\modelData\box.fbx">
      <Filter>Assets\modelData</Filter>
    </MeshContentTask>
    <MeshContentTask Include="Assets\modelData\ene.fbx">
      <Filter>Assets\modelData</Filter>
    </MeshContentTask>
  </ItemGroup>
  <ItemGroup>
    <ImageContentTask Include="Assets\sprite\sora.png">
      <Filter>Assets\sprite</Filter>
    </ImageContentTask>
    <ImageContentTask Include="Assets\sprite\Titlesora.png">
      <Filter>Assets\sprite</Filter>
    </ImageContentTask>
    <ImageContentTask Include="Assets\sprite\gezikaba.png">
      <Filter>Assets\sprite</Filter>
    </ImageContentTask>
    <ImageContentTask Include="Assets\sprite\sousa.png">
      <Filter>Assets\sprite</Filter>
    </ImageContentTask>
    <ImageContentTask Include="Assets\sprite\result.png">
      <Filter>Assets\sprite</Filter>
    </ImageContentTask>
    <ImageContentTask Include="Assets\sprite\GameClear.png">
      <Filter>Assets\sprite</Filter>
    </ImageContentTask>
    <ImageContentTask Include="Assets\sprite\dummy.png">
      <Filter>Assets\sprite</Filter>
    </ImageContentTask>
    <ImageContentTask Include="Assets\sprite\gameover.png">
      <Filter>Assets\sprite</Filter>
    </ImageContentTask>
    <ImageContentTask Include="Assets\sprite\gezi.png">
      <Filter>Assets\sprite</Filter>
    </ImageContentTask>
  </ItemGroup>
  <ItemGroup>
    <None Include="Assets\sora.tkl">
      <Filter>Assets</Filter>
    </None>
  </ItemGroup>
  <ItemGroup>
    <Media Include="Assets\sound\bgm.wav">
      <Filter>Assets\sound</Filter>
    </Media>
    <Media Include="Assets\sound\bakuhatu.wav">
      <Filter>Assets\sound</Filter>
    </Media>
    <Media Include="Assets\sound\shoot.wav">
      <Filter>Assets\sound</Filter>
    </Media>
    <Media Include="Assets\sound\damege.wav">
      <Filter>Assets\sound</Filter>
    </Media>
    <Media Include="Assets\sound\gameover.wav">
      <Filter>Assets\sound</Filter>
    </Media>
    <Media Include="Assets\sound\clea.wav">
      <Filter>Assets\sound</Filter>
    </Media>
    <Media Include="Assets\sound\loop2.wav">
      <Filter>Assets\sound</Filter>
    </Media>
  </ItemGroup>
</Project>